
Microsoft Visual Studio Solution File, Format Version 12.00
# Visual Studio Version 16
VisualStudioVersion = 16.0.34031.81
MinimumVisualStudioVersion = 10.0.40219.1
Project("{FAE04EC0-301F-11D3-BF4B-00C04F79EFBC}") = "ConsoleApp4", "ConsoleApp4\ConsoleApp4.csproj", "{E0D1FE45-4287-4BCC-96F8-D3AA3FDEC87E}"
EndProject
Global
	GlobalSection(SolutionConfigurationPlatforms) = preSolution
		Debug|Any CPU = Debug|Any CPU
		Release|Any CPU = Release|Any CPU
	EndGlobalSection
	GlobalSection(ProjectConfigurationPlatforms) = postSolution
		{E0D1FE45-4287-4BCC-96F8-D3AA3FDEC87E}.Debug|Any CPU.ActiveCfg = Debug|Any CPU
		{E0D1FE45-4287-4BCC-96F8-D3AA3FDEC87E}.Debug|Any CPU.Build.0 = Debug|Any CPU
		{E0D1FE45-4287-4BCC-96F8-D3AA3FDEC87E}.Release|Any CPU.ActiveCfg = Release|Any CPU
		{E0D1FE45-4287-4BCC-96F8-D3AA3FDEC87E}.Release|Any CPU.Build.0 = Release|Any CPU
	EndGlobalSection
	GlobalSection(SolutionProperties) = preSolution
		HideSolutionNode = FALSE
	EndGlobalSection
	GlobalSection(ExtensibilityGlobals) = postSolution
		SolutionGuid = {4DEF70F5-DC93-45B2-BBEB-C28AFD2657D4}
	EndGlobalSection
EndGlobal
